
Microsoft Visual Studio Solution File, Format Version 12.00
# Visual Studio Version 17
VisualStudioVersion = 17.14.37710.0 d17.14
MinimumVisualStudioVersion = 10.0.40219.1
Project("{FAE04EC0-301F-11D3-BF4B-00C04F79EFBC}") = "tuan3", "tuan3\tuan3.csproj", "{84C0ACB5-2A61-43CA-9C5E-1515A2397006}"
EndProject
Global
	GlobalSection(SolutionConfigurationPlatforms) = preSolution
		Debug|Any CPU = Debug|Any CPU
		Release|Any CPU = Release|Any CPU
	EndGlobalSection
	GlobalSection(ProjectConfigurationPlatforms) = postSolution
		{84C0ACB5-2A61-43CA-9C5E-1515A2397006}.Debug|Any CPU.ActiveCfg = Debug|Any CPU
		{84C0ACB5-2A61-43CA-9C5E-1515A2397006}.Debug|Any CPU.Build.0 = Debug|Any CPU
		{84C0ACB5-2A61-43CA-9C5E-1515A2397006}.Release|Any CPU.ActiveCfg = Release|Any CPU
		{84C0ACB5-2A61-43CA-9C5E-1515A2397006}.Release|Any CPU.Build.0 = Release|Any CPU
	EndGlobalSection
	GlobalSection(SolutionProperties) = preSolution
		HideSolutionNode = FALSE
	EndGlobalSection
	GlobalSection(ExtensibilityGlobals) = postSolution
		SolutionGuid = {E3529180-78C9-4454-8963-6B47AC8ECA24}
	EndGlobalSection
EndGlobal
